// !$*UTF8*$!
{
	archiveVersion = 1;
	classes = {
	};
	objectVersion = 46;
	objects = {

/* Begin PBXBuildFile section */
		D802032419D37D7500E5B92E /* squarePNG.png in Resources */ = {isa = PBXBuildFile; fileRef = D802032319D37D7500E5B92E /* squarePNG.png */; };
		D878BF5019D19FA60090EA96 /* AppDelegate.swift in Sources */ = {isa = PBXBuildFile; fileRef = D878BF4F19D19FA60090EA96 /* AppDelegate.swift */; };
		D878BF5219D19FA60090EA96 /* ViewController.swift in Sources */ = {isa = PBXBuildFile; fileRef = D878BF5119D19FA60090EA96 /* ViewController.swift */; };
		D878BF5519D19FA60090EA96 /* Main.storyboard in Resources */ = {isa = PBXBuildFile; fileRef = D878BF5319D19FA60090EA96 /* Main.storyboard */; };
		D878BF5719D19FA60090EA96 /* Images.xcassets in Resources */ = {isa = PBXBuildFile; fileRef = D878BF5619D19FA60090EA96 /* Images.xcassets */; };
		D878BF5A19D19FA60090EA96 /* LaunchScreen.xib in Resources */ = {isa = PBXBuildFile; fileRef = D878BF5819D19FA60090EA96 /* LaunchScreen.xib */; };
		D878BF6619D19FA60090EA96 /* SwiftSquareCamTests.swift in Sources */ = {isa = PBXBuildFile; fileRef = D878BF6519D19FA60090EA96 /* SwiftSquareCamTests.swift */; };
		D878BF7019D19FE10090EA96 /* AVFoundation.framework in Frameworks */ = {isa = PBXBuildFile; fileRef = D878BF6F19D19FE10090EA96 /* AVFoundation.framework */; };
		D878BF7219D1A9AD0090EA96 /* ImageUtil.swift in Sources */ = {isa = PBXBuildFile; fileRef = D878BF7119D1A9AD0090EA96 /* ImageUtil.swift */; };
		D878BF7419D1A9CC0090EA96 /* CoreImage.framework in Frameworks */ = {isa = PBXBuildFile; fileRef = D878BF7319D1A9CC0090EA96 /* CoreImage.framework */; };
		D878BF7619D1CB530090EA96 /* QuartzCore.framework in Frameworks */ = {isa = PBXBuildFile; fileRef = D878BF7519D1CB530090EA96 /* QuartzCore.framework */; };
		D878BF7819D1CBA90090EA96 /* ImageIO.framework in Frameworks */ = {isa = PBXBuildFile; fileRef = D878BF7719D1CBA90090EA96 /* ImageIO.framework */; };
		D878BF7A19D1CBC40090EA96 /* CoreGraphics.framework in Frameworks */ = {isa = PBXBuildFile; fileRef = D878BF7919D1CBC40090EA96 /* CoreGraphics.framework */; };
		D878BF7C19D1D8FD0090EA96 /* CoreMedia.framework in Frameworks */ = {isa = PBXBuildFile; fileRef = D878BF7B19D1D8FD0090EA96 /* CoreMedia.framework */; };
		D878BF7E19D1FB550090EA96 /* AssetsLibrary.framework in Frameworks */ = {isa = PBXBuildFile; fileRef = D878BF7D19D1FB550090EA96 /* AssetsLibrary.framework */; };
/* End PBXBuildFile section */

/* Begin PBXContainerItemProxy section */
		D878BF6019D19FA60090EA96 /* PBXContainerItemProxy */ = {
			isa = PBXContainerItemProxy;
			containerPortal = D878BF4219D19FA60090EA96 /* Project object */;
			proxyType = 1;
			remoteGlobalIDString = D878BF4919D19FA60090EA96;
			remoteInfo = SwiftSquareCam;
		};
/* End PBXContainerItemProxy section */

/* Begin PBXFileReference section */
		D802032319D37D7500E5B92E /* squarePNG.png */ = {isa = PBXFileReference; lastKnownFileType = image.png; path = squarePNG.png; sourceTree = "<group>"; };
		D878BF4A19D19FA60090EA96 /* SwiftSquareCam.app */ = {isa = PBXFileReference; explicitFileType = wrapper.application; includeInIndex = 0; path = SwiftSquareCam.app; sourceTree = BUILT_PRODUCTS_DIR; };
		D878BF4E19D19FA60090EA96 /* Info.plist */ = {isa = PBXFileReference; lastKnownFileType = text.plist.xml; path = Info.plist; sourceTree = "<group>"; };
		D878BF4F19D19FA60090EA96 /* AppDelegate.swift */ = {isa = PBXFileReference; lastKnownFileType = sourcecode.swift; path = AppDelegate.swift; sourceTree = "<group>"; };
		D878BF5119D19FA60090EA96 /* ViewController.swift */ = {isa = PBXFileReference; lastKnownFileType = sourcecode.swift; path = ViewController.swift; sourceTree = "<group>"; };
		D878BF5419D19FA60090EA96 /* Base */ = {isa = PBXFileReference; lastKnownFileType = file.storyboard; name = Base; path = Base.lproj/Main.storyboard; sourceTree = "<group>"; };
		D878BF5619D19FA60090EA96 /* Images.xcassets */ = {isa = PBXFileReference; lastKnownFileType = folder.assetcatalog; path = Images.xcassets; sourceTree = "<group>"; };
		D878BF5919D19FA60090EA96 /* Base */ = {isa = PBXFileReference; lastKnownFileType = file.xib; name = Base; path = Base.lproj/LaunchScreen.xib; sourceTree = "<group>"; };
		D878BF5F19D19FA60090EA96 /* SwiftSquareCamTests.xctest */ = {isa = PBXFileReference; explicitFileType = wrapper.cfbundle; includeInIndex = 0; path = SwiftSquareCamTests.xctest; sourceTree = BUILT_PRODUCTS_DIR; };
		D878BF6419D19FA60090EA96 /* Info.plist */ = {isa = PBXFileReference; lastKnownFileType = text.plist.xml; path = Info.plist; sourceTree = "<group>"; };
		D878BF6519D19FA60090EA96 /* SwiftSquareCamTests.swift */ = {isa = PBXFileReference; lastKnownFileType = sourcecode.swift; path = SwiftSquareCamTests.swift; sourceTree = "<group>"; };
		D878BF6F19D19FE10090EA96 /* AVFoundation.framework */ = {isa = PBXFileReference; lastKnownFileType = wrapper.framework; name = AVFoundation.framework; path = System/Library/Frameworks/AVFoundation.framework; sourceTree = SDKROOT; };
		D878BF7119D1A9AD0090EA96 /* ImageUtil.swift */ = {isa = PBXFileReference; fileEncoding = 4; lastKnownFileType = sourcecode.swift; path = ImageUtil.swift; sourceTree = "<group>"; };
		D878BF7319D1A9CC0090EA96 /* CoreImage.framework */ = {isa = PBXFileReference; lastKnownFileType = wrapper.framework; name = CoreImage.framework; path = System/Library/Frameworks/CoreImage.framework; sourceTree = SDKROOT; };
		D878BF7519D1CB530090EA96 /* QuartzCore.framework */ = {isa = PBXFileReference; lastKnownFileType = wrapper.framework; name = QuartzCore.framework; path = System/Library/Frameworks/QuartzCore.framework; sourceTree = SDKROOT; };
		D878BF7719D1CBA90090EA96 /* ImageIO.framework */ = {isa = PBXFileReference; lastKnownFileType = wrapper.framework; name = ImageIO.framework; path = System/Library/Frameworks/ImageIO.framework; sourceTree = SDKROOT; };
		D878BF7919D1CBC40090EA96 /* CoreGraphics.framework */ = {isa = PBXFileReference; lastKnownFileType = wrapper.framework; name = CoreGraphics.framework; path = System/Library/Frameworks/CoreGraphics.framework; sourceTree = SDKROOT; };
		D878BF7B19D1D8FD0090EA96 /* CoreMedia.framework */ = {isa = PBXFileReference; lastKnownFileType = wrapper.framework; name = CoreMedia.framework; path = System/Library/Frameworks/CoreMedia.framework; sourceTree = SDKROOT; };
		D878BF7D19D1FB550090EA96 /* AssetsLibrary.framework */ = {isa = PBXFileReference; lastKnownFileType = wrapper.framework; name = AssetsLibrary.framework; path = System/Library/Frameworks/AssetsLibrary.framework; sourceTree = SDKROOT; };
/* End PBXFileReference section */

/* Begin PBXFrameworksBuildPhase section */
		D878BF4719D19FA60090EA96 /* Frameworks */ = {
			isa = PBXFrameworksBuildPhase;
			buildActionMask = 2147483647;
			files = (
				D878BF7E19D1FB550090EA96 /* AssetsLibrary.framework in Frameworks */,
				D878BF7C19D1D8FD0090EA96 /* CoreMedia.framework in Frameworks */,
				D878BF7A19D1CBC40090EA96 /* CoreGraphics.framework in Frameworks */,
				D878BF7819D1CBA90090EA96 /* ImageIO.framework in Frameworks */,
				D878BF7619D1CB530090EA96 /* QuartzCore.framework in Frameworks */,
				D878BF7419D1A9CC0090EA96 /* CoreImage.framework in Frameworks */,
				D878BF7019D19FE10090EA96 /* AVFoundation.framework in Frameworks */,
			);
			runOnlyForDeploymentPostprocessing = 0;
		};
		D878BF5C19D19FA60090EA96 /* Frameworks */ = {
			isa = PBXFrameworksBuildPhase;
			buildActionMask = 2147483647;
			files = (
			);
			runOnlyForDeploymentPostprocessing = 0;
		};
/* End PBXFrameworksBuildPhase section */

/* Begin PBXGroup section */
		D878BF4119D19FA60090EA96 = {
			isa = PBXGroup;
			children = (
				D878BF7F19D33BD60090EA96 /* Frameworks */,
				D878BF4C19D19FA60090EA96 /* SwiftSquareCam */,
				D878BF6219D19FA60090EA96 /* SwiftSquareCamTests */,
				D878BF4B19D19FA60090EA96 /* Products */,
			);
			sourceTree = "<group>";
		};
		D878BF4B19D19FA60090EA96 /* Products */ = {
			isa = PBXGroup;
			children = (
				D878BF4A19D19FA60090EA96 /* SwiftSquareCam.app */,
				D878BF5F19D19FA60090EA96 /* SwiftSquareCamTests.xctest */,
			);
			name = Products;
			sourceTree = "<group>";
		};
		D878BF4C19D19FA60090EA96 /* SwiftSquareCam */ = {
			isa = PBXGroup;
			children = (
				D878BF4F19D19FA60090EA96 /* AppDelegate.swift */,
				D878BF5119D19FA60090EA96 /* ViewController.swift */,
				D878BF7119D1A9AD0090EA96 /* ImageUtil.swift */,
				D878BF5319D19FA60090EA96 /* Main.storyboard */,
				D878BF5619D19FA60090EA96 /* Images.xcassets */,
				D878BF5819D19FA60090EA96 /* LaunchScreen.xib */,
				D878BF4D19D19FA60090EA96 /* Supporting Files */,
			);
			path = SwiftSquareCam;
			sourceTree = "<group>";
		};
		D878BF4D19D19FA60090EA96 /* Supporting Files */ = {
			isa = PBXGroup;
			children = (
				D802032319D37D7500E5B92E /* squarePNG.png */,
				D878BF4E19D19FA60090EA96 /* Info.plist */,
			);
			name = "Supporting Files";
			sourceTree = "<group>";
		};
		D878BF6219D19FA60090EA96 /* SwiftSquareCamTests */ = {
			isa = PBXGroup;
			children = (
				D878BF6519D19FA60090EA96 /* SwiftSquareCamTests.swift */,
				D878BF6319D19FA60090EA96 /* Supporting Files */,
			);
			path = SwiftSquareCamTests;
			sourceTree = "<group>";
		};
		D878BF6319D19FA60090EA96 /* Supporting Files */ = {
			isa = PBXGroup;
			children = (
				D878BF6419D19FA60090EA96 /* Info.plist */,
			);
			name = "Supporting Files";
			sourceTree = "<group>";
		};
		D878BF7F19D33BD60090EA96 /* Frameworks */ = {
			isa = PBXGroup;
			children = (
				D878BF7D19D1FB550090EA96 /* AssetsLibrary.framework */,
				D878BF6F19D19FE10090EA96 /* AVFoundation.framework */,
				D878BF7319D1A9CC0090EA96 /* CoreImage.framework */,
				D878BF7B19D1D8FD0090EA96 /* CoreMedia.framework */,
				D878BF7919D1CBC40090EA96 /* CoreGraphics.framework */,
				D878BF7719D1CBA90090EA96 /* ImageIO.framework */,
				D878BF7519D1CB530090EA96 /* QuartzCore.framework */,
			);
			name = Frameworks;
			sourceTree = "<group>";
		};
/* End PBXGroup section */

/* Begin PBXNativeTarget section */
		D878BF4919D19FA60090EA96 /* SwiftSquareCam */ = {
			isa = PBXNativeTarget;
			buildConfigurationList = D878BF6919D19FA60090EA96 /* Build configuration list for PBXNativeTarget "SwiftSquareCam" */;
			buildPhases = (
				D878BF4619D19FA60090EA96 /* Sources */,
				D878BF4719D19FA60090EA96 /* Frameworks */,
				D878BF4819D19FA60090EA96 /* Resources */,
			);
			buildRules = (
			);
			dependencies = (
			);
			name = SwiftSquareCam;
			productName = SwiftSquareCam;
			productReference = D878BF4A19D19FA60090EA96 /* SwiftSquareCam.app */;
			productType = "com.apple.product-type.application";
		};
		D878BF5E19D19FA60090EA96 /* SwiftSquareCamTests */ = {
			isa = PBXNativeTarget;
			buildConfigurationList = D878BF6C19D19FA60090EA96 /* Build configuration list for PBXNativeTarget "SwiftSquareCamTests" */;
			buildPhases = (
				D878BF5B19D19FA60090EA96 /* Sources */,
				D878BF5C19D19FA60090EA96 /* Frameworks */,
				D878BF5D19D19FA60090EA96 /* Resources */,
			);
			buildRules = (
			);
			dependencies = (
				D878BF6119D19FA60090EA96 /* PBXTargetDependency */,
			);
			name = SwiftSquareCamTests;
			productName = SwiftSquareCamTests;
			productReference = D878BF5F19D19FA60090EA96 /* SwiftSquareCamTests.xctest */;
			productType = "com.apple.product-type.bundle.unit-test";
		};
/* End PBXNativeTarget section */

/* Begin PBXProject section */
		D878BF4219D19FA60090EA96 /* Project object */ = {
			isa = PBXProject;
			attributes = {
				LastUpgradeCheck = 0600;
				ORGANIZATIONNAME = "Joseph Schwartz";
				TargetAttributes = {
					D878BF4919D19FA60090EA96 = {
						CreatedOnToolsVersion = 6.0.1;
					};
					D878BF5E19D19FA60090EA96 = {
						CreatedOnToolsVersion = 6.0.1;
						TestTargetID = D878BF4919D19FA60090EA96;
					};
				};
			};
			buildConfigurationList = D878BF4519D19FA60090EA96 /* Build configuration list for PBXProject "SwiftSquareCam" */;
			compatibilityVersion = "Xcode 3.2";
			developmentRegion = English;
			hasScannedForEncodings = 0;
			knownRegions = (
				en,
				Base,
			);
			mainGroup = D878BF4119D19FA60090EA96;
			productRefGroup = D878BF4B19D19FA60090EA96 /* Products */;
			projectDirPath = "";
			projectRoot = "";
			targets = (
				D878BF4919D19FA60090EA96 /* SwiftSquareCam */,
				D878BF5E19D19FA60090EA96 /* SwiftSquareCamTests */,
			);
		};
/* End PBXProject section */

/* Begin PBXResourcesBuildPhase section */
		D878BF4819D19FA60090EA96 /* Resources */ = {
			isa = PBXResourcesBuildPhase;
			buildActionMask = 2147483647;
			files = (
				D878BF5519D19FA60090EA96 /* Main.storyboard in Resources */,
				D878BF5A19D19FA60090EA96 /* LaunchScreen.xib in Resources */,
				D802032419D37D7500E5B92E /* squarePNG.png in Resources */,
				D878BF5719D19FA60090EA96 /* Images.xcassets in Resources */,
			);
			runOnlyForDeploymentPostprocessing = 0;
		};
		D878BF5D19D19FA60090EA96 /* Resources */ = {
			isa = PBXResourcesBuildPhase;
			buildActionMask = 2147483647;
			files = (
			);
			runOnlyForDeploymentPostprocessing = 0;
		};
/* End PBXResourcesBuildPhase section */

/* Begin PBXSourcesBuildPhase section */
		D878BF4619D19FA60090EA96 /* Sources */ = {
			isa = PBXSourcesBuildPhase;
			buildActionMask = 2147483647;
			files = (
				D878BF7219D1A9AD0090EA96 /* ImageUtil.swift in Sources */,
				D878BF5219D19FA60090EA96 /* ViewController.swift in Sources */,
				D878BF5019D19FA60090EA96 /* AppDelegate.swift in Sources */,
			);
			runOnlyForDeploymentPostprocessing = 0;
		};
		D878BF5B19D19FA60090EA96 /* Sources */ = {
			isa = PBXSourcesBuildPhase;
			buildActionMask = 2147483647;
			files = (
				D878BF6619D19FA60090EA96 /* SwiftSquareCamTests.swift in Sources */,
			);
			runOnlyForDeploymentPostprocessing = 0;
		};
/* End PBXSourcesBuildPhase section */

/* Begin PBXTargetDependency section */
		D878BF6119D19FA60090EA96 /* PBXTargetDependency */ = {
			isa = PBXTargetDependency;
			target = D878BF4919D19FA60090EA96 /* SwiftSquareCam */;
			targetProxy = D878BF6019D19FA60090EA96 /* PBXContainerItemProxy */;
		};
/* End PBXTargetDependency section */

/* Begin PBXVariantGroup section */
		D878BF5319D19FA60090EA96 /* Main.storyboard */ = {
			isa = PBXVariantGroup;
			children = (
				D878BF5419D19FA60090EA96 /* Base */,
			);
			name = Main.storyboard;
			sourceTree = "<group>";
		};
		D878BF5819D19FA60090EA96 /* LaunchScreen.xib */ = {
			isa = PBXVariantGroup;
			children = (
				D878BF5919D19FA60090EA96 /* Base */,
			);
			name = LaunchScreen.xib;
			sourceTree = "<group>";
		};
/* End PBXVariantGroup section */

/* Begin XCBuildConfiguration section */
		D878BF6719D19FA60090EA96 /* Debug */ = {
			isa = XCBuildConfiguration;
			buildSettings = {
				ALWAYS_SEARCH_USER_PATHS = NO;
				CLANG_CXX_LANGUAGE_STANDARD = "gnu++0x";
				CLANG_CXX_LIBRARY = "libc++";
				CLANG_ENABLE_MODULES = YES;
				CLANG_ENABLE_OBJC_ARC = YES;
				CLANG_WARN_BOOL_CONVERSION = YES;
				CLANG_WARN_CONSTANT_CONVERSION = YES;
				CLANG_WARN_DIRECT_OBJC_ISA_USAGE = YES_ERROR;
				CLANG_WARN_EMPTY_BODY = YES;
				CLANG_WARN_ENUM_CONVERSION = YES;
				CLANG_WARN_INT_CONVERSION = YES;
				CLANG_WARN_OBJC_ROOT_CLASS = YES_ERROR;
				CLANG_WARN_UNREACHABLE_CODE = YES;
				CLANG_WARN__DUPLICATE_METHOD_MATCH = YES;
				"CODE_SIGN_IDENTITY[sdk=iphoneos*]" = "iPhone Developer";
				COPY_PHASE_STRIP = NO;
				ENABLE_STRICT_OBJC_MSGSEND = YES;
				GCC_C_LANGUAGE_STANDARD = gnu99;
				GCC_DYNAMIC_NO_PIC = NO;
				GCC_OPTIMIZATION_LEVEL = 0;
				GCC_PREPROCESSOR_DEFINITIONS = (
					"DEBUG=1",
					"$(inherited)",
				);
				GCC_SYMBOLS_PRIVATE_EXTERN = NO;
				GCC_WARN_64_TO_32_BIT_CONVERSION = YES;
				GCC_WARN_ABOUT_RETURN_TYPE = YES_ERROR;
				GCC_WARN_UNDECLARED_SELECTOR = YES;
				GCC_WARN_UNINITIALIZED_AUTOS = YES_AGGRESSIVE;
				GCC_WARN_UNUSED_FUNCTION = YES;
				GCC_WARN_UNUSED_VARIABLE = YES;
				IPHONEOS_DEPLOYMENT_TARGET = 8.0;
				MTL_ENABLE_DEBUG_INFO = YES;
				ONLY_ACTIVE_ARCH = YES;
				SDKROOT = iphoneos;
				SWIFT_OPTIMIZATION_LEVEL = "-Onone";
				TARGETED_DEVICE_FAMILY = "1,2";
			};
			name = Debug;
		};
		D878BF6819D19FA60090EA96 /* Release */ = {
			isa = XCBuildConfiguration;
			buildSettings = {
				ALWAYS_SEARCH_USER_PATHS = NO;
				CLANG_CXX_LANGUAGE_STANDARD = "gnu++0x";
				CLANG_CXX_LIBRARY = "libc++";
				CLANG_ENABLE_MODULES = YES;
				CLANG_ENABLE_OBJC_ARC = YES;
				CLANG_WARN_BOOL_CONVERSION = YES;
				CLANG_WARN_CONSTANT_CONVERSION = YES;
				CLANG_WARN_DIRECT_OBJC_ISA_USAGE = YES_ERROR;
				CLANG_WARN_EMPTY_BODY = YES;
				CLANG_WARN_ENUM_CONVERSION = YES;
				CLANG_WARN_INT_CONVERSION = YES;
				CLANG_WARN_OBJC_ROOT_CLASS = YES_ERROR;
				CLANG_WARN_UNREACHABLE_CODE = YES;
				CLANG_WARN__DUPLICATE_METHOD_MATCH = YES;
				"CODE_SIGN_IDENTITY[sdk=iphoneos*]" = "iPhone Developer";
				COPY_PHASE_STRIP = YES;
				ENABLE_NS_ASSERTIONS = NO;
				ENABLE_STRICT_OBJC_MSGSEND = YES;
				GCC_C_LANGUAGE_STANDARD = gnu99;
				GCC_WARN_64_TO_32_BIT_CONVERSION = YES;
				GCC_WARN_ABOUT_RETURN_TYPE = YES_ERROR;
				GCC_WARN_UNDECLARED_SELECTOR = YES;
				GCC_WARN_UNINITIALIZED_AUTOS = YES_AGGRESSIVE;
				GCC_WARN_UNUSED_FUNCTION = YES;
				GCC_WARN_UNUSED_VARIABLE = YES;
				IPHONEOS_DEPLOYMENT_TARGET = 8.0;
				MTL_ENABLE_DEBUG_INFO = NO;
				SDKROOT = iphoneos;
				TARGETED_DEVICE_FAMILY = "1,2";
				VALIDATE_PRODUCT = YES;
			};
			name = Release;
		};
		D878BF6A19D19FA60090EA96 /* Debug */ = {
			isa = XCBuildConfiguration;
			buildSettings = {
				ASSETCATALOG_COMPILER_APPICON_NAME = AppIcon;
				INFOPLIST_FILE = SwiftSquareCam/Info.plist;
				IPHONEOS_DEPLOYMENT_TARGET = 8.0;
				LD_RUNPATH_SEARCH_PATHS = "$(inherited) @executable_path/Frameworks";
				PRODUCT_NAME = "$(TARGET_NAME)";
			};
			name = Debug;
		};
		D878BF6B19D19FA60090EA96 /* Release */ = {
			isa = XCBuildConfiguration;
			buildSettings = {
				ASSETCATALOG_COMPILER_APPICON_NAME = AppIcon;
				INFOPLIST_FILE = SwiftSquareCam/Info.plist;
				IPHONEOS_DEPLOYMENT_TARGET = 8.0;
				LD_RUNPATH_SEARCH_PATHS = "$(inherited) @executable_path/Frameworks";
				PRODUCT_NAME = "$(TARGET_NAME)";
			};
			name = Release;
		};
		D878BF6D19D19FA60090EA96 /* Debug */ = {
			isa = XCBuildConfiguration;
			buildSettings = {
				BUNDLE_LOADER = "$(TEST_HOST)";
				FRAMEWORK_SEARCH_PATHS = (
					"$(SDKROOT)/Developer/Library/Frameworks",
					"$(inherited)",
				);
				GCC_PREPROCESSOR_DEFINITIONS = (
					"DEBUG=1",
					"$(inherited)",
				);
				INFOPLIST_FILE = SwiftSquareCamTests/Info.plist;
				LD_RUNPATH_SEARCH_PATHS = "$(inherited) @executable_path/Frameworks @loader_path/Frameworks";
				PRODUCT_NAME = "$(TARGET_NAME)";
				TEST_HOST = "$(BUILT_PRODUCTS_DIR)/SwiftSquareCam.app/SwiftSquareCam";
			};
			name = Debug;
		};
		D878BF6E19D19FA60090EA96 /* Release */ = {
			isa = XCBuildConfiguration;
			buildSettings = {
				BUNDLE_LOADER = "$(TEST_HOST)";
				FRAMEWORK_SEARCH_PATHS = (
					"$(SDKROOT)/Developer/Library/Frameworks",
					"$(inherited)",
				);
				INFOPLIST_FILE = SwiftSquareCamTests/Info.plist;
				LD_RUNPATH_SEARCH_PATHS = "$(inherited) @executable_path/Frameworks @loader_path/Frameworks";
				PRODUCT_NAME = "$(TARGET_NAME)";
				TEST_HOST = "$(BUILT_PRODUCTS_DIR)/SwiftSquareCam.app/SwiftSquareCam";
			};
			name = Release;
		};
/* End XCBuildConfiguration section */

/* Begin XCConfigurationList section */
		D878BF4519D19FA60090EA96 /* Build configuration list for PBXProject "SwiftSquareCam" */ = {
			isa = XCConfigurationList;
			buildConfigurations = (
				D878BF6719D19FA60090EA96 /* Debug */,
				D878BF6819D19FA60090EA96 /* Release */,
			);
			defaultConfigurationIsVisible = 0;
			defaultConfigurationName = Release;
		};
		D878BF6919D19FA60090EA96 /* Build configuration list for PBXNativeTarget "SwiftSquareCam" */ = {
			isa = XCConfigurationList;
			buildConfigurations = (
				D878BF6A19D19FA60090EA96 /* Debug */,
				D878BF6B19D19FA60090EA96 /* Release */,
			);
			defaultConfigurationIsVisible = 0;
			defaultConfigurationName = Release;
		};
		D878BF6C19D19FA60090EA96 /* Build configuration list for PBXNativeTarget "SwiftSquareCamTests" */ = {
			isa = XCConfigurationList;
			buildConfigurations = (
				D878BF6D19D19FA60090EA96 /* Debug */,
				D878BF6E19D19FA60090EA96 /* Release */,
			);
			defaultConfigurationIsVisible = 0;
			defaultConfigurationName = Release;
		};
/* End XCConfigurationList section */
	};
	rootObject = D878BF4219D19FA60090EA96 /* Project object */;
}
